{
  "version": 4,
  "terraform_version": "1.6.4",
  "serial": 6,
  "lineage": "31d86ec4-b982-e826-3fe8-96af24389b58",
  "outputs": {},
  "resources": [
    {
      "mode": "managed",
      "type": "google_firebase_android_app",
      "name": "default",
      "provider": "provider[\"registry.terraform.io/hashicorp/google-beta\"]",
      "instances": [
        {
          "schema_version": 0,
          "attributes": {
            "api_key_id": "3d68fe11-0e57-4c31-a44a-04cd49547cd5",
            "app_id": "1:588802119789:android:7c3d1631491f6452b4c764",
            "deletion_policy": "DELETE",
            "display_name": "MyGourmet",
            "etag": "1_21c448e6-2f00-4026-810e-da9a65b9a5ec",
            "id": "projects/my-gourmet-160fb/androidApps/1:588802119789:android:7c3d1631491f6452b4c764",
            "name": "projects/my-gourmet-160fb/androidApps/1:588802119789:android:7c3d1631491f6452b4c764",
            "package_name": "com.blue_waltz.my_gourmet",
            "project": "my-gourmet-160fb",
            "sha1_hashes": [
              "fa07e5829257e71b6358724a5711414b45238148",
              "5366066ad24e6c112b2fab175e0287e04be15b7f",
              "c4e98aa96569ccccc188b08655560cfeeb8f56a8",
              "1a17d4fbe4dd177c74e7df7de4c7b541028d8801",
              "b06bca9a11ae096c87cb99000899f94eb28dcab9"
            ],
            "sha256_hashes": [],
            "timeouts": {
              "create": null,
              "delete": null,
              "update": null
            }
          },
          "sensitive_attributes": [],
          "private": "eyJlMmJmYjczMC1lY2FhLTExZTYtOGY4OC0zNDM2M2JjN2M0YzAiOnsiY3JlYXRlIjoxMjAwMDAwMDAwMDAwLCJkZWxldGUiOjEyMDAwMDAwMDAwMDAsInVwZGF0ZSI6MTIwMDAwMDAwMDAwMH0sInNjaGVtYV92ZXJzaW9uIjoiMCJ9"
        }
      ]
    },
    {
      "mode": "managed",
      "type": "google_firebase_project",
      "name": "default",
      "provider": "provider[\"registry.terraform.io/hashicorp/google-beta\"]",
      "instances": [
        {
          "schema_version": 0,
          "attributes": {
            "display_name": "My-Gourmet",
            "id": "projects/my-gourmet-160fb",
            "project": "my-gourmet-160fb",
            "project_number": "588802119789",
            "timeouts": {
              "create": null,
              "delete": null
            }
          },
          "sensitive_attributes": [],
          "private": "eyJlMmJmYjczMC1lY2FhLTExZTYtOGY4OC0zNDM2M2JjN2M0YzAiOnsiY3JlYXRlIjoxMjAwMDAwMDAwMDAwLCJkZWxldGUiOjEyMDAwMDAwMDAwMDB9LCJzY2hlbWFfdmVyc2lvbiI6IjAifQ=="
        }
      ]
    },
    {
      "mode": "managed",
      "type": "google_firebase_storage_bucket",
      "name": "default",
      "provider": "provider[\"registry.terraform.io/hashicorp/google-beta\"]",
      "instances": [
        {
          "schema_version": 0,
          "attributes": {
            "bucket_id": "my-gourmet-160fb.appspot.com",
            "id": "projects/my-gourmet-160fb/buckets/my-gourmet-160fb.appspot.com",
            "name": "projects/my-gourmet-160fb/buckets/my-gourmet-160fb.appspot.com",
            "project": "my-gourmet-160fb",
            "timeouts": {
              "create": null,
              "delete": null
            }
          },
          "sensitive_attributes": [],
          "private": "eyJlMmJmYjczMC1lY2FhLTExZTYtOGY4OC0zNDM2M2JjN2M0YzAiOnsiY3JlYXRlIjoxMjAwMDAwMDAwMDAwLCJkZWxldGUiOjEyMDAwMDAwMDAwMDB9LCJzY2hlbWFfdmVyc2lvbiI6IjAifQ=="
        }
      ]
    },
    {
      "mode": "managed",
      "type": "google_firestore_database",
      "name": "default",
      "provider": "provider[\"registry.terraform.io/hashicorp/google-beta\"]",
      "instances": [
        {
          "schema_version": 0,
          "attributes": {
            "app_engine_integration_mode": "DISABLED",
            "concurrency_mode": "PESSIMISTIC",
            "create_time": "",
            "delete_protection_state": "DELETE_PROTECTION_DISABLED",
            "earliest_version_time": "2024-03-20T02:02:52.575766Z",
            "etag": "IKLq75ztgYUDMK2l0pWEzIQD",
            "id": "projects/my-gourmet-160fb/databases/(default)",
            "key_prefix": "",
            "location_id": "asia-northeast1",
            "name": "(default)",
            "point_in_time_recovery_enablement": "POINT_IN_TIME_RECOVERY_DISABLED",
            "project": "my-gourmet-160fb",
            "timeouts": {
              "create": null,
              "delete": null,
              "update": null
            },
            "type": "FIRESTORE_NATIVE",
            "uid": "441df7b6-c285-4da7-9671-90f64d1ffdc7",
            "update_time": "",
            "version_retention_period": "3600s"
          },
          "sensitive_attributes": [],
          "private": "eyJlMmJmYjczMC1lY2FhLTExZTYtOGY4OC0zNDM2M2JjN2M0YzAiOnsiY3JlYXRlIjoxMjAwMDAwMDAwMDAwLCJkZWxldGUiOjEyMDAwMDAwMDAwMDAsInVwZGF0ZSI6MTIwMDAwMDAwMDAwMH0sInNjaGVtYV92ZXJzaW9uIjoiMCJ9"
        }
      ]
    },
    {
      "mode": "managed",
      "type": "google_storage_bucket",
      "name": "default",
      "provider": "provider[\"registry.terraform.io/hashicorp/google-beta\"]",
      "instances": [
        {
          "schema_version": 0,
          "attributes": {
            "autoclass": [],
            "cors": [],
            "custom_placement_config": [],
            "default_event_based_hold": false,
            "encryption": [],
            "force_destroy": false,
            "id": "model-jp-my-gourmet-image-classification-2023-08",
            "labels": {},
            "lifecycle_rule": [],
            "location": "ASIA-NORTHEAST1",
            "logging": [],
            "name": "model-jp-my-gourmet-image-classification-2023-08",
            "project": "my-gourmet-160fb",
            "public_access_prevention": "enforced",
            "requester_pays": false,
            "retention_policy": [],
            "self_link": "https://www.googleapis.com/storage/v1/b/model-jp-my-gourmet-image-classification-2023-08",
            "storage_class": "STANDARD",
            "timeouts": {
              "create": null,
              "read": null,
              "update": null
            },
            "uniform_bucket_level_access": true,
            "url": "gs://model-jp-my-gourmet-image-classification-2023-08",
            "versioning": [],
            "website": []
          },
          "sensitive_attributes": [],
          "private": "eyJlMmJmYjczMC1lY2FhLTExZTYtOGY4OC0zNDM2M2JjN2M0YzAiOnsiY3JlYXRlIjo2MDAwMDAwMDAwMDAsInJlYWQiOjI0MDAwMDAwMDAwMCwidXBkYXRlIjoyNDAwMDAwMDAwMDB9LCJzY2hlbWFfdmVyc2lvbiI6IjAifQ=="
        }
      ]
    }
  ],
  "check_results": null
}
