{
  "version": 4,
  "terraform_version": "1.6.4",
  "serial": 31,
  "lineage": "780fcad3-1f60-0896-e0c2-ed5eaff37a28",
  "outputs": {},
  "resources": [
    {
      "mode": "managed",
      "type": "google_firebase_android_app",
      "name": "default",
      "provider": "provider[\"registry.terraform.io/hashicorp/google-beta\"]",
      "instances": [
        {
          "schema_version": 0,
          "attributes": {
            "api_key_id": "93bdf947-f939-496c-85b3-547d81b6dc0e",
            "app_id": "1:864724760472:android:79ec2317086eaf450edded",
            "deletion_policy": "DELETE",
            "display_name": "MyGourmet",
            "etag": "1_098fc321-9b42-40e6-b868-b7cb35ea9e87",
            "id": "projects/my-gourmet-dev-f5b45/androidApps/1:864724760472:android:79ec2317086eaf450edded",
            "name": "projects/my-gourmet-dev-f5b45/androidApps/1:864724760472:android:79ec2317086eaf450edded",
            "package_name": "com.blue_waltz.my_gourmet.dev",
            "project": "my-gourmet-dev-f5b45",
            "sha1_hashes": [
              "fa07e5829257e71b6358724a5711414b45238148"
            ],
            "sha256_hashes": [],
            "timeouts": {
              "create": null,
              "delete": null,
              "update": null
            }
          },
          "sensitive_attributes": [],
          "private": "eyJlMmJmYjczMC1lY2FhLTExZTYtOGY4OC0zNDM2M2JjN2M0YzAiOnsiY3JlYXRlIjoxMjAwMDAwMDAwMDAwLCJkZWxldGUiOjEyMDAwMDAwMDAwMDAsInVwZGF0ZSI6MTIwMDAwMDAwMDAwMH0sInNjaGVtYV92ZXJzaW9uIjoiMCJ9"
        }
      ]
    },
    {
      "mode": "managed",
      "type": "google_firebase_project",
      "name": "default",
      "provider": "provider[\"registry.terraform.io/hashicorp/google-beta\"]",
      "instances": [
        {
          "schema_version": 0,
          "attributes": {
            "display_name": "my-gourmet-dev",
            "id": "projects/my-gourmet-dev-f5b45",
            "project": "my-gourmet-dev-f5b45",
            "project_number": "864724760472",
            "timeouts": null
          },
          "sensitive_attributes": [],
          "private": "eyJlMmJmYjczMC1lY2FhLTExZTYtOGY4OC0zNDM2M2JjN2M0YzAiOnsiY3JlYXRlIjoxMjAwMDAwMDAwMDAwLCJkZWxldGUiOjEyMDAwMDAwMDAwMDB9fQ=="
        }
      ]
    },
    {
      "mode": "managed",
      "type": "google_firebase_storage_bucket",
      "name": "default",
      "provider": "provider[\"registry.terraform.io/hashicorp/google-beta\"]",
      "instances": [
        {
          "schema_version": 0,
          "attributes": {
            "bucket_id": "dev-model-jp-my-gourmet-image-classification-2024-0204",
            "id": "projects/my-gourmet-dev-f5b45/buckets/dev-model-jp-my-gourmet-image-classification-2024-0204",
            "name": "projects/my-gourmet-dev-f5b45/buckets/dev-model-jp-my-gourmet-image-classification-2024-0204",
            "project": "my-gourmet-dev-f5b45",
            "timeouts": null
          },
          "sensitive_attributes": [],
          "private": "eyJlMmJmYjczMC1lY2FhLTExZTYtOGY4OC0zNDM2M2JjN2M0YzAiOnsiY3JlYXRlIjoxMjAwMDAwMDAwMDAwLCJkZWxldGUiOjEyMDAwMDAwMDAwMDB9fQ==",
          "dependencies": [
            "google_storage_bucket.default"
          ]
        }
      ]
    },
    {
      "mode": "managed",
      "type": "google_firestore_database",
      "name": "default",
      "provider": "provider[\"registry.terraform.io/hashicorp/google-beta\"]",
      "instances": [
        {
          "schema_version": 0,
          "attributes": {
            "app_engine_integration_mode": "DISABLED",
            "concurrency_mode": "PESSIMISTIC",
            "create_time": "",
            "delete_protection_state": "DELETE_PROTECTION_DISABLED",
            "earliest_version_time": "2024-02-04T02:26:12.785554Z",
            "etag": "IIbbjN3TkIQDMJLrh43RkIQD",
            "id": "projects/my-gourmet-dev-f5b45/databases/(default)",
            "key_prefix": "",
            "location_id": "asia-northeast1",
            "name": "(default)",
            "point_in_time_recovery_enablement": "POINT_IN_TIME_RECOVERY_DISABLED",
            "project": "my-gourmet-dev-f5b45",
            "timeouts": null,
            "type": "FIRESTORE_NATIVE",
            "uid": "450797c5-6f26-46f4-bf09-ff20dc2c36dc",
            "update_time": "",
            "version_retention_period": "3600s"
          },
          "sensitive_attributes": [],
          "private": "eyJlMmJmYjczMC1lY2FhLTExZTYtOGY4OC0zNDM2M2JjN2M0YzAiOnsiY3JlYXRlIjoxMjAwMDAwMDAwMDAwLCJkZWxldGUiOjEyMDAwMDAwMDAwMDAsInVwZGF0ZSI6MTIwMDAwMDAwMDAwMH19"
        }
      ]
    },
    {
      "mode": "managed",
      "type": "google_storage_bucket",
      "name": "default",
      "provider": "provider[\"registry.terraform.io/hashicorp/google-beta\"]",
      "instances": [
        {
          "schema_version": 0,
          "attributes": {
            "autoclass": [],
            "cors": [],
            "custom_placement_config": [],
            "default_event_based_hold": false,
            "encryption": [],
            "force_destroy": false,
            "id": "dev-model-jp-my-gourmet-image-classification-2024-0204",
            "labels": {},
            "lifecycle_rule": [],
            "location": "ASIA-NORTHEAST1",
            "logging": [],
            "name": "dev-model-jp-my-gourmet-image-classification-2024-0204",
            "project": "my-gourmet-dev-f5b45",
            "public_access_prevention": "enforced",
            "requester_pays": false,
            "retention_policy": [],
            "self_link": "https://www.googleapis.com/storage/v1/b/dev-model-jp-my-gourmet-image-classification-2024-0204",
            "storage_class": "STANDARD",
            "timeouts": null,
            "uniform_bucket_level_access": false,
            "url": "gs://dev-model-jp-my-gourmet-image-classification-2024-0204",
            "versioning": [],
            "website": []
          },
          "sensitive_attributes": [],
          "private": "eyJlMmJmYjczMC1lY2FhLTExZTYtOGY4OC0zNDM2M2JjN2M0YzAiOnsiY3JlYXRlIjo2MDAwMDAwMDAwMDAsInJlYWQiOjI0MDAwMDAwMDAwMCwidXBkYXRlIjoyNDAwMDAwMDAwMDB9fQ=="
        }
      ]
    }
  ],
  "check_results": null
}
