{
  "version": 4,
  "terraform_version": "1.6.4",
  "serial": 53,
  "lineage": "da4d86df-0f49-b311-bd60-c7beb3bcd8bf",
  "outputs": {},
  "resources": [
    {
      "mode": "managed",
      "type": "google_firebase_android_app",
      "name": "default",
      "provider": "provider[\"registry.terraform.io/hashicorp/google-beta\"]",
      "instances": [
        {
          "schema_version": 0,
          "attributes": {
            "api_key_id": "4a9daedf-6e64-4794-baa2-325c747139ac",
            "app_id": "1:817268264540:android:e9fa866fab0269c326e099",
            "deletion_policy": "DELETE",
            "display_name": "dev_my_gourmet",
            "etag": "1_8fe8fc80-b500-4356-84d1-bb1feab82447",
            "id": "projects/my-gourmet-dev/androidApps/1:817268264540:android:e9fa866fab0269c326e099",
            "name": "projects/my-gourmet-dev/androidApps/1:817268264540:android:e9fa866fab0269c326e099",
            "package_name": "com.example.dev_my_gourmet",
            "project": "my-gourmet-dev",
            "sha1_hashes": [],
            "sha256_hashes": [],
            "timeouts": null
          },
          "sensitive_attributes": [],
          "private": "eyJlMmJmYjczMC1lY2FhLTExZTYtOGY4OC0zNDM2M2JjN2M0YzAiOnsiY3JlYXRlIjoxMjAwMDAwMDAwMDAwLCJkZWxldGUiOjEyMDAwMDAwMDAwMDAsInVwZGF0ZSI6MTIwMDAwMDAwMDAwMH19"
        }
      ]
    },
    {
      "mode": "managed",
      "type": "google_firebase_project",
      "name": "default",
      "provider": "provider[\"registry.terraform.io/hashicorp/google-beta\"]",
      "instances": [
        {
          "schema_version": 0,
          "attributes": {
            "display_name": "my-gourmet-dev",
            "id": "projects/my-gourmet-dev",
            "project": "my-gourmet-dev",
            "project_number": "817268264540",
            "timeouts": null
          },
          "sensitive_attributes": [],
          "private": "eyJlMmJmYjczMC1lY2FhLTExZTYtOGY4OC0zNDM2M2JjN2M0YzAiOnsiY3JlYXRlIjoxMjAwMDAwMDAwMDAwLCJkZWxldGUiOjEyMDAwMDAwMDAwMDB9fQ=="
        }
      ]
    },
    {
      "mode": "managed",
      "type": "google_firebase_storage_bucket",
      "name": "default",
      "provider": "provider[\"registry.terraform.io/hashicorp/google-beta\"]",
      "instances": [
        {
          "schema_version": 0,
          "attributes": {
            "bucket_id": "my-gourmet-dev.appspot.com",
            "id": "projects/my-gourmet-dev/buckets/my-gourmet-dev.appspot.com",
            "name": "projects/my-gourmet-dev/buckets/my-gourmet-dev.appspot.com",
            "project": "my-gourmet-dev",
            "timeouts": null
          },
          "sensitive_attributes": [],
          "private": "eyJlMmJmYjczMC1lY2FhLTExZTYtOGY4OC0zNDM2M2JjN2M0YzAiOnsiY3JlYXRlIjoxMjAwMDAwMDAwMDAwLCJkZWxldGUiOjEyMDAwMDAwMDAwMDB9fQ=="
        }
      ]
    },
    {
      "mode": "managed",
      "type": "google_storage_bucket",
      "name": "default",
      "provider": "provider[\"registry.terraform.io/hashicorp/google-beta\"]",
      "instances": [
        {
          "schema_version": 0,
          "attributes": {
            "autoclass": [],
            "cors": [],
            "custom_placement_config": [],
            "default_event_based_hold": false,
            "encryption": [],
            "force_destroy": false,
            "id": "dev-model-jp-my-gourmet-image-classification-2023-1230",
            "labels": {},
            "lifecycle_rule": [],
            "location": "ASIA-NORTHEAST1",
            "logging": [],
            "name": "dev-model-jp-my-gourmet-image-classification-2023-1230",
            "project": "my-gourmet-dev",
            "public_access_prevention": "enforced",
            "requester_pays": false,
            "retention_policy": [],
            "self_link": "https://www.googleapis.com/storage/v1/b/dev-model-jp-my-gourmet-image-classification-2023-1230",
            "storage_class": "STANDARD",
            "timeouts": null,
            "uniform_bucket_level_access": false,
            "url": "gs://dev-model-jp-my-gourmet-image-classification-2023-1230",
            "versioning": [],
            "website": []
          },
          "sensitive_attributes": [],
          "private": "eyJlMmJmYjczMC1lY2FhLTExZTYtOGY4OC0zNDM2M2JjN2M0YzAiOnsiY3JlYXRlIjo2MDAwMDAwMDAwMDAsInJlYWQiOjI0MDAwMDAwMDAwMCwidXBkYXRlIjoyNDAwMDAwMDAwMDB9fQ=="
        }
      ]
    }
  ],
  "check_results": null
}
